// !$*UTF8*$!
{
	archiveVersion = 1;
	classes = {
	};
	objectVersion = 56;
	objects = {

/* Begin PBXBuildFile section */
		9533CEED2A93910400879CBE /* CryptoCurrencyApp.swift in Sources */ = {isa = PBXBuildFile; fileRef = 9533CEEC2A93910400879CBE /* CryptoCurrencyApp.swift */; };
		9533CEF12A93910500879CBE /* Assets.xcassets in Resources */ = {isa = PBXBuildFile; fileRef = 9533CEF02A93910500879CBE /* Assets.xcassets */; };
		9533CEF42A93910500879CBE /* Preview Assets.xcassets in Resources */ = {isa = PBXBuildFile; fileRef = 9533CEF32A93910500879CBE /* Preview Assets.xcassets */; };
		9533CF052A9394C400879CBE /* HomeView.swift in Sources */ = {isa = PBXBuildFile; fileRef = 9533CF042A9394C400879CBE /* HomeView.swift */; };
		9533CF082A9395EC00879CBE /* TopMoversView.swift in Sources */ = {isa = PBXBuildFile; fileRef = 9533CF072A9395EC00879CBE /* TopMoversView.swift */; };
		9533CF0A2A9395FF00879CBE /* TopMoversItemView.swift in Sources */ = {isa = PBXBuildFile; fileRef = 9533CF092A9395FF00879CBE /* TopMoversItemView.swift */; };
		9533CF0C2A939FDC00879CBE /* AllCoinsView.swift in Sources */ = {isa = PBXBuildFile; fileRef = 9533CF0B2A939FDC00879CBE /* AllCoinsView.swift */; };
		9533CF0E2A939FF200879CBE /* CoinRowView.swift in Sources */ = {isa = PBXBuildFile; fileRef = 9533CF0D2A939FF200879CBE /* CoinRowView.swift */; };
		9533CF102A93BC1F00879CBE /* HomeViewModel.swift in Sources */ = {isa = PBXBuildFile; fileRef = 9533CF0F2A93BC1F00879CBE /* HomeViewModel.swift */; };
		9533CF122A93C9BB00879CBE /* Coin.swift in Sources */ = {isa = PBXBuildFile; fileRef = 9533CF112A93C9BB00879CBE /* Coin.swift */; };
		95A6EB552A966A5600993734 /* Kingfisher in Frameworks */ = {isa = PBXBuildFile; productRef = 95A6EB542A966A5600993734 /* Kingfisher */; };
		95A6EB572A966B4900993734 /* Double.swift in Sources */ = {isa = PBXBuildFile; fileRef = 95A6EB562A966B4900993734 /* Double.swift */; };
/* End PBXBuildFile section */

/* Begin PBXFileReference section */
		9533CEE92A93910400879CBE /* CryptoCurrency.app */ = {isa = PBXFileReference; explicitFileType = wrapper.application; includeInIndex = 0; path = CryptoCurrency.app; sourceTree = BUILT_PRODUCTS_DIR; };
		9533CEEC2A93910400879CBE /* CryptoCurrencyApp.swift */ = {isa = PBXFileReference; lastKnownFileType = sourcecode.swift; path = CryptoCurrencyApp.swift; sourceTree = "<group>"; };
		9533CEF02A93910500879CBE /* Assets.xcassets */ = {isa = PBXFileReference; lastKnownFileType = folder.assetcatalog; path = Assets.xcassets; sourceTree = "<group>"; };
		9533CEF32A93910500879CBE /* Preview Assets.xcassets */ = {isa = PBXFileReference; lastKnownFileType = folder.assetcatalog; path = "Preview Assets.xcassets"; sourceTree = "<group>"; };
		9533CF042A9394C400879CBE /* HomeView.swift */ = {isa = PBXFileReference; lastKnownFileType = sourcecode.swift; path = HomeView.swift; sourceTree = "<group>"; };
		9533CF072A9395EC00879CBE /* TopMoversView.swift */ = {isa = PBXFileReference; lastKnownFileType = sourcecode.swift; path = TopMoversView.swift; sourceTree = "<group>"; };
		9533CF092A9395FF00879CBE /* TopMoversItemView.swift */ = {isa = PBXFileReference; lastKnownFileType = sourcecode.swift; path = TopMoversItemView.swift; sourceTree = "<group>"; };
		9533CF0B2A939FDC00879CBE /* AllCoinsView.swift */ = {isa = PBXFileReference; lastKnownFileType = sourcecode.swift; path = AllCoinsView.swift; sourceTree = "<group>"; };
		9533CF0D2A939FF200879CBE /* CoinRowView.swift */ = {isa = PBXFileReference; lastKnownFileType = sourcecode.swift; path = CoinRowView.swift; sourceTree = "<group>"; };
		9533CF0F2A93BC1F00879CBE /* HomeViewModel.swift */ = {isa = PBXFileReference; lastKnownFileType = sourcecode.swift; path = HomeViewModel.swift; sourceTree = "<group>"; };
		9533CF112A93C9BB00879CBE /* Coin.swift */ = {isa = PBXFileReference; lastKnownFileType = sourcecode.swift; path = Coin.swift; sourceTree = "<group>"; };
		95A6EB562A966B4900993734 /* Double.swift */ = {isa = PBXFileReference; lastKnownFileType = sourcecode.swift; path = Double.swift; sourceTree = "<group>"; };
/* End PBXFileReference section */

/* Begin PBXFrameworksBuildPhase section */
		9533CEE62A93910400879CBE /* Frameworks */ = {
			isa = PBXFrameworksBuildPhase;
			buildActionMask = 2147483647;
			files = (
				95A6EB552A966A5600993734 /* Kingfisher in Frameworks */,
			);
			runOnlyForDeploymentPostprocessing = 0;
		};
/* End PBXFrameworksBuildPhase section */

/* Begin PBXGroup section */
		9533CEE02A93910400879CBE = {
			isa = PBXGroup;
			children = (
				9533CEEB2A93910400879CBE /* CryptoCurrency */,
				9533CEEA2A93910400879CBE /* Products */,
			);
			sourceTree = "<group>";
		};
		9533CEEA2A93910400879CBE /* Products */ = {
			isa = PBXGroup;
			children = (
				9533CEE92A93910400879CBE /* CryptoCurrency.app */,
			);
			name = Products;
			sourceTree = "<group>";
		};
		9533CEEB2A93910400879CBE /* CryptoCurrency */ = {
			isa = PBXGroup;
			children = (
				9533CEFF2A93943300879CBE /* Utils */,
				9533CEFE2A93943200879CBE /* Extensions */,
				9533CEFD2A93943000879CBE /* Models */,
				9533CEFB2A93942C00879CBE /* Core */,
				9533CEFA2A93942300879CBE /* App */,
				9533CEF02A93910500879CBE /* Assets.xcassets */,
				9533CEF22A93910500879CBE /* Preview Content */,
			);
			path = CryptoCurrency;
			sourceTree = "<group>";
		};
		9533CEF22A93910500879CBE /* Preview Content */ = {
			isa = PBXGroup;
			children = (
				9533CEF32A93910500879CBE /* Preview Assets.xcassets */,
			);
			path = "Preview Content";
			sourceTree = "<group>";
		};
		9533CEFA2A93942300879CBE /* App */ = {
			isa = PBXGroup;
			children = (
				9533CEEC2A93910400879CBE /* CryptoCurrencyApp.swift */,
			);
			path = App;
			sourceTree = "<group>";
		};
		9533CEFB2A93942C00879CBE /* Core */ = {
			isa = PBXGroup;
			children = (
				9533CF002A93946600879CBE /* Home */,
			);
			path = Core;
			sourceTree = "<group>";
		};
		9533CEFD2A93943000879CBE /* Models */ = {
			isa = PBXGroup;
			children = (
				9533CF112A93C9BB00879CBE /* Coin.swift */,
			);
			path = Models;
			sourceTree = "<group>";
		};
		9533CEFE2A93943200879CBE /* Extensions */ = {
			isa = PBXGroup;
			children = (
				95A6EB562A966B4900993734 /* Double.swift */,
			);
			path = Extensions;
			sourceTree = "<group>";
		};
		9533CEFF2A93943300879CBE /* Utils */ = {
			isa = PBXGroup;
			children = (
			);
			path = Utils;
			sourceTree = "<group>";
		};
		9533CF002A93946600879CBE /* Home */ = {
			isa = PBXGroup;
			children = (
				9533CF022A9394B000879CBE /* ViewModels */,
				9533CF012A9394A800879CBE /* Views */,
			);
			path = Home;
			sourceTree = "<group>";
		};
		9533CF012A9394A800879CBE /* Views */ = {
			isa = PBXGroup;
			children = (
				9533CF042A9394C400879CBE /* HomeView.swift */,
				9533CF072A9395EC00879CBE /* TopMoversView.swift */,
				9533CF092A9395FF00879CBE /* TopMoversItemView.swift */,
				9533CF0B2A939FDC00879CBE /* AllCoinsView.swift */,
				9533CF0D2A939FF200879CBE /* CoinRowView.swift */,
			);
			path = Views;
			sourceTree = "<group>";
		};
		9533CF022A9394B000879CBE /* ViewModels */ = {
			isa = PBXGroup;
			children = (
				9533CF0F2A93BC1F00879CBE /* HomeViewModel.swift */,
			);
			path = ViewModels;
			sourceTree = "<group>";
		};
/* End PBXGroup section */

/* Begin PBXNativeTarget section */
		9533CEE82A93910400879CBE /* CryptoCurrency */ = {
			isa = PBXNativeTarget;
			buildConfigurationList = 9533CEF72A93910500879CBE /* Build configuration list for PBXNativeTarget "CryptoCurrency" */;
			buildPhases = (
				9533CEE52A93910400879CBE /* Sources */,
				9533CEE62A93910400879CBE /* Frameworks */,
				9533CEE72A93910400879CBE /* Resources */,
			);
			buildRules = (
			);
			dependencies = (
			);
			name = CryptoCurrency;
			packageProductDependencies = (
				95A6EB542A966A5600993734 /* Kingfisher */,
			);
			productName = CryptoCurrency;
			productReference = 9533CEE92A93910400879CBE /* CryptoCurrency.app */;
			productType = "com.apple.product-type.application";
		};
/* End PBXNativeTarget section */

/* Begin PBXProject section */
		9533CEE12A93910400879CBE /* Project object */ = {
			isa = PBXProject;
			attributes = {
				BuildIndependentTargetsInParallel = 1;
				LastSwiftUpdateCheck = 1430;
				LastUpgradeCheck = 1430;
				TargetAttributes = {
					9533CEE82A93910400879CBE = {
						CreatedOnToolsVersion = 14.3.1;
					};
				};
			};
			buildConfigurationList = 9533CEE42A93910400879CBE /* Build configuration list for PBXProject "CryptoCurrency" */;
			compatibilityVersion = "Xcode 14.0";
			developmentRegion = en;
			hasScannedForEncodings = 0;
			knownRegions = (
				en,
				Base,
			);
			mainGroup = 9533CEE02A93910400879CBE;
			packageReferences = (
				95A6EB532A966A5600993734 /* XCRemoteSwiftPackageReference "Kingfisher" */,
			);
			productRefGroup = 9533CEEA2A93910400879CBE /* Products */;
			projectDirPath = "";
			projectRoot = "";
			targets = (
				9533CEE82A93910400879CBE /* CryptoCurrency */,
			);
		};
/* End PBXProject section */

/* Begin PBXResourcesBuildPhase section */
		9533CEE72A93910400879CBE /* Resources */ = {
			isa = PBXResourcesBuildPhase;
			buildActionMask = 2147483647;
			files = (
				9533CEF42A93910500879CBE /* Preview Assets.xcassets in Resources */,
				9533CEF12A93910500879CBE /* Assets.xcassets in Resources */,
			);
			runOnlyForDeploymentPostprocessing = 0;
		};
/* End PBXResourcesBuildPhase section */

/* Begin PBXSourcesBuildPhase section */
		9533CEE52A93910400879CBE /* Sources */ = {
			isa = PBXSourcesBuildPhase;
			buildActionMask = 2147483647;
			files = (
				9533CF0E2A939FF200879CBE /* CoinRowView.swift in Sources */,
				9533CF052A9394C400879CBE /* HomeView.swift in Sources */,
				9533CF102A93BC1F00879CBE /* HomeViewModel.swift in Sources */,
				9533CF082A9395EC00879CBE /* TopMoversView.swift in Sources */,
				9533CF0C2A939FDC00879CBE /* AllCoinsView.swift in Sources */,
				9533CEED2A93910400879CBE /* CryptoCurrencyApp.swift in Sources */,
				9533CF122A93C9BB00879CBE /* Coin.swift in Sources */,
				95A6EB572A966B4900993734 /* Double.swift in Sources */,
				9533CF0A2A9395FF00879CBE /* TopMoversItemView.swift in Sources */,
			);
			runOnlyForDeploymentPostprocessing = 0;
		};
/* End PBXSourcesBuildPhase section */

/* Begin XCBuildConfiguration section */
		9533CEF52A93910500879CBE /* Debug */ = {
			isa = XCBuildConfiguration;
			buildSettings = {
				ALWAYS_SEARCH_USER_PATHS = NO;
				CLANG_ANALYZER_NONNULL = YES;
				CLANG_ANALYZER_NUMBER_OBJECT_CONVERSION = YES_AGGRESSIVE;
				CLANG_CXX_LANGUAGE_STANDARD = "gnu++20";
				CLANG_ENABLE_MODULES = YES;
				CLANG_ENABLE_OBJC_ARC = YES;
				CLANG_ENABLE_OBJC_WEAK = YES;
				CLANG_WARN_BLOCK_CAPTURE_AUTORELEASING = YES;
				CLANG_WARN_BOOL_CONVERSION = YES;
				CLANG_WARN_COMMA = YES;
				CLANG_WARN_CONSTANT_CONVERSION = YES;
				CLANG_WARN_DEPRECATED_OBJC_IMPLEMENTATIONS = YES;
				CLANG_WARN_DIRECT_OBJC_ISA_USAGE = YES_ERROR;
				CLANG_WARN_DOCUMENTATION_COMMENTS = YES;
				CLANG_WARN_EMPTY_BODY = YES;
				CLANG_WARN_ENUM_CONVERSION = YES;
				CLANG_WARN_INFINITE_RECURSION = YES;
				CLANG_WARN_INT_CONVERSION = YES;
				CLANG_WARN_NON_LITERAL_NULL_CONVERSION = YES;
				CLANG_WARN_OBJC_IMPLICIT_RETAIN_SELF = YES;
				CLANG_WARN_OBJC_LITERAL_CONVERSION = YES;
				CLANG_WARN_OBJC_ROOT_CLASS = YES_ERROR;
				CLANG_WARN_QUOTED_INCLUDE_IN_FRAMEWORK_HEADER = YES;
				CLANG_WARN_RANGE_LOOP_ANALYSIS = YES;
				CLANG_WARN_STRICT_PROTOTYPES = YES;
				CLANG_WARN_SUSPICIOUS_MOVE = YES;
				CLANG_WARN_UNGUARDED_AVAILABILITY = YES_AGGRESSIVE;
				CLANG_WARN_UNREACHABLE_CODE = YES;
				CLANG_WARN__DUPLICATE_METHOD_MATCH = YES;
				COPY_PHASE_STRIP = NO;
				DEBUG_INFORMATION_FORMAT = dwarf;
				ENABLE_STRICT_OBJC_MSGSEND = YES;
				ENABLE_TESTABILITY = YES;
				GCC_C_LANGUAGE_STANDARD = gnu11;
				GCC_DYNAMIC_NO_PIC = NO;
				GCC_NO_COMMON_BLOCKS = YES;
				GCC_OPTIMIZATION_LEVEL = 0;
				GCC_PREPROCESSOR_DEFINITIONS = (
					"DEBUG=1",
					"$(inherited)",
				);
				GCC_WARN_64_TO_32_BIT_CONVERSION = YES;
				GCC_WARN_ABOUT_RETURN_TYPE = YES_ERROR;
				GCC_WARN_UNDECLARED_SELECTOR = YES;
				GCC_WARN_UNINITIALIZED_AUTOS = YES_AGGRESSIVE;
				GCC_WARN_UNUSED_FUNCTION = YES;
				GCC_WARN_UNUSED_VARIABLE = YES;
				IPHONEOS_DEPLOYMENT_TARGET = 16.4;
				MTL_ENABLE_DEBUG_INFO = INCLUDE_SOURCE;
				MTL_FAST_MATH = YES;
				ONLY_ACTIVE_ARCH = YES;
				SDKROOT = iphoneos;
				SWIFT_ACTIVE_COMPILATION_CONDITIONS = DEBUG;
				SWIFT_OPTIMIZATION_LEVEL = "-Onone";
			};
			name = Debug;
		};
		9533CEF62A93910500879CBE /* Release */ = {
			isa = XCBuildConfiguration;
			buildSettings = {
				ALWAYS_SEARCH_USER_PATHS = NO;
				CLANG_ANALYZER_NONNULL = YES;
				CLANG_ANALYZER_NUMBER_OBJECT_CONVERSION = YES_AGGRESSIVE;
				CLANG_CXX_LANGUAGE_STANDARD = "gnu++20";
				CLANG_ENABLE_MODULES = YES;
				CLANG_ENABLE_OBJC_ARC = YES;
				CLANG_ENABLE_OBJC_WEAK = YES;
				CLANG_WARN_BLOCK_CAPTURE_AUTORELEASING = YES;
				CLANG_WARN_BOOL_CONVERSION = YES;
				CLANG_WARN_COMMA = YES;
				CLANG_WARN_CONSTANT_CONVERSION = YES;
				CLANG_WARN_DEPRECATED_OBJC_IMPLEMENTATIONS = YES;
				CLANG_WARN_DIRECT_OBJC_ISA_USAGE = YES_ERROR;
				CLANG_WARN_DOCUMENTATION_COMMENTS = YES;
				CLANG_WARN_EMPTY_BODY = YES;
				CLANG_WARN_ENUM_CONVERSION = YES;
				CLANG_WARN_INFINITE_RECURSION = YES;
				CLANG_WARN_INT_CONVERSION = YES;
				CLANG_WARN_NON_LITERAL_NULL_CONVERSION = YES;
				CLANG_WARN_OBJC_IMPLICIT_RETAIN_SELF = YES;
				CLANG_WARN_OBJC_LITERAL_CONVERSION = YES;
				CLANG_WARN_OBJC_ROOT_CLASS = YES_ERROR;
				CLANG_WARN_QUOTED_INCLUDE_IN_FRAMEWORK_HEADER = YES;
				CLANG_WARN_RANGE_LOOP_ANALYSIS = YES;
				CLANG_WARN_STRICT_PROTOTYPES = YES;
				CLANG_WARN_SUSPICIOUS_MOVE = YES;
				CLANG_WARN_UNGUARDED_AVAILABILITY = YES_AGGRESSIVE;
				CLANG_WARN_UNREACHABLE_CODE = YES;
				CLANG_WARN__DUPLICATE_METHOD_MATCH = YES;
				COPY_PHASE_STRIP = NO;
				DEBUG_INFORMATION_FORMAT = "dwarf-with-dsym";
				ENABLE_NS_ASSERTIONS = NO;
				ENABLE_STRICT_OBJC_MSGSEND = YES;
				GCC_C_LANGUAGE_STANDARD = gnu11;
				GCC_NO_COMMON_BLOCKS = YES;
				GCC_WARN_64_TO_32_BIT_CONVERSION = YES;
				GCC_WARN_ABOUT_RETURN_TYPE = YES_ERROR;
				GCC_WARN_UNDECLARED_SELECTOR = YES;
				GCC_WARN_UNINITIALIZED_AUTOS = YES_AGGRESSIVE;
				GCC_WARN_UNUSED_FUNCTION = YES;
				GCC_WARN_UNUSED_VARIABLE = YES;
				IPHONEOS_DEPLOYMENT_TARGET = 16.4;
				MTL_ENABLE_DEBUG_INFO = NO;
				MTL_FAST_MATH = YES;
				SDKROOT = iphoneos;
				SWIFT_COMPILATION_MODE = wholemodule;
				SWIFT_OPTIMIZATION_LEVEL = "-O";
				VALIDATE_PRODUCT = YES;
			};
			name = Release;
		};
		9533CEF82A93910500879CBE /* Debug */ = {
			isa = XCBuildConfiguration;
			buildSettings = {
				ASSETCATALOG_COMPILER_APPICON_NAME = AppIcon;
				ASSETCATALOG_COMPILER_GLOBAL_ACCENT_COLOR_NAME = AccentColor;
				CODE_SIGN_STYLE = Automatic;
				CURRENT_PROJECT_VERSION = 1;
				DEVELOPMENT_ASSET_PATHS = "\"CryptoCurrency/Preview Content\"";
				DEVELOPMENT_TEAM = 98C2TAVD3W;
				ENABLE_PREVIEWS = YES;
				GENERATE_INFOPLIST_FILE = YES;
				INFOPLIST_KEY_UIApplicationSceneManifest_Generation = YES;
				INFOPLIST_KEY_UIApplicationSupportsIndirectInputEvents = YES;
				INFOPLIST_KEY_UILaunchScreen_Generation = YES;
				INFOPLIST_KEY_UISupportedInterfaceOrientations_iPad = "UIInterfaceOrientationPortrait UIInterfaceOrientationPortraitUpsideDown UIInterfaceOrientationLandscapeLeft UIInterfaceOrientationLandscapeRight";
				INFOPLIST_KEY_UISupportedInterfaceOrientations_iPhone = "UIInterfaceOrientationPortrait UIInterfaceOrientationLandscapeLeft UIInterfaceOrientationLandscapeRight";
				LD_RUNPATH_SEARCH_PATHS = (
					"$(inherited)",
					"@executable_path/Frameworks",
				);
				MARKETING_VERSION = 1.0;
				PRODUCT_BUNDLE_IDENTIFIER = com.charlie.CryptoCurrency;
				PRODUCT_NAME = "$(TARGET_NAME)";
				SWIFT_EMIT_LOC_STRINGS = YES;
				SWIFT_VERSION = 5.0;
				TARGETED_DEVICE_FAMILY = "1,2";
			};
			name = Debug;
		};
		9533CEF92A93910500879CBE /* Release */ = {
			isa = XCBuildConfiguration;
			buildSettings = {
				ASSETCATALOG_COMPILER_APPICON_NAME = AppIcon;
				ASSETCATALOG_COMPILER_GLOBAL_ACCENT_COLOR_NAME = AccentColor;
				CODE_SIGN_STYLE = Automatic;
				CURRENT_PROJECT_VERSION = 1;
				DEVELOPMENT_ASSET_PATHS = "\"CryptoCurrency/Preview Content\"";
				DEVELOPMENT_TEAM = 98C2TAVD3W;
				ENABLE_PREVIEWS = YES;
				GENERATE_INFOPLIST_FILE = YES;
				INFOPLIST_KEY_UIApplicationSceneManifest_Generation = YES;
				INFOPLIST_KEY_UIApplicationSupportsIndirectInputEvents = YES;
				INFOPLIST_KEY_UILaunchScreen_Generation = YES;
				INFOPLIST_KEY_UISupportedInterfaceOrientations_iPad = "UIInterfaceOrientationPortrait UIInterfaceOrientationPortraitUpsideDown UIInterfaceOrientationLandscapeLeft UIInterfaceOrientationLandscapeRight";
				INFOPLIST_KEY_UISupportedInterfaceOrientations_iPhone = "UIInterfaceOrientationPortrait UIInterfaceOrientationLandscapeLeft UIInterfaceOrientationLandscapeRight";
				LD_RUNPATH_SEARCH_PATHS = (
					"$(inherited)",
					"@executable_path/Frameworks",
				);
				MARKETING_VERSION = 1.0;
				PRODUCT_BUNDLE_IDENTIFIER = com.charlie.CryptoCurrency;
				PRODUCT_NAME = "$(TARGET_NAME)";
				SWIFT_EMIT_LOC_STRINGS = YES;
				SWIFT_VERSION = 5.0;
				TARGETED_DEVICE_FAMILY = "1,2";
			};
			name = Release;
		};
/* End XCBuildConfiguration section */

/* Begin XCConfigurationList section */
		9533CEE42A93910400879CBE /* Build configuration list for PBXProject "CryptoCurrency" */ = {
			isa = XCConfigurationList;
			buildConfigurations = (
				9533CEF52A93910500879CBE /* Debug */,
				9533CEF62A93910500879CBE /* Release */,
			);
			defaultConfigurationIsVisible = 0;
			defaultConfigurationName = Release;
		};
		9533CEF72A93910500879CBE /* Build configuration list for PBXNativeTarget "CryptoCurrency" */ = {
			isa = XCConfigurationList;
			buildConfigurations = (
				9533CEF82A93910500879CBE /* Debug */,
				9533CEF92A93910500879CBE /* Release */,
			);
			defaultConfigurationIsVisible = 0;
			defaultConfigurationName = Release;
		};
/* End XCConfigurationList section */

/* Begin XCRemoteSwiftPackageReference section */
		95A6EB532A966A5600993734 /* XCRemoteSwiftPackageReference "Kingfisher" */ = {
			isa = XCRemoteSwiftPackageReference;
			repositoryURL = "https://github.com/onevcat/Kingfisher.git";
			requirement = {
				kind = upToNextMajorVersion;
				minimumVersion = 7.0.0;
			};
		};
/* End XCRemoteSwiftPackageReference section */

/* Begin XCSwiftPackageProductDependency section */
		95A6EB542A966A5600993734 /* Kingfisher */ = {
			isa = XCSwiftPackageProductDependency;
			package = 95A6EB532A966A5600993734 /* XCRemoteSwiftPackageReference "Kingfisher" */;
			productName = Kingfisher;
		};
/* End XCSwiftPackageProductDependency section */
	};
	rootObject = 9533CEE12A93910400879CBE /* Project object */;
}
